{
  "name": "bloom-filter",
  "lockfileVersion": 3,
  "requires": true,
  "packages": {
    "": {
      "dependencies": {
        "bloom-filter": "^0.2.0"
      }
    },
    "node_modules/bloom-filter": {
      "version": "0.2.0",
      "resolved": "https://registry.npmjs.org/bloom-filter/-/bloom-filter-0.2.0.tgz",
      "integrity": "sha512-RMG2RpnKczVzRsEYSPaT5rKsyj0w5/wpQRjaW4vOMe1WyUDQpoqxjNc10uROEjdhu63ytRt6aFRPXFePi/Rd7A=="
    }
  }
}
